
Microsoft Visual Studio Solution File, Format Version 12.00
# Visual Studio Version 17
VisualStudioVersion = 17.5.33502.453
MinimumVisualStudioVersion = 10.0.40219.1
Project("{9A19103F-16F7-4668-BE54-9A1E7A4F7556}") = "GlobalLock", "GlobalLock.csproj", "{28E13C58-EAD7-47E0-A76A-DB3DFC0B3DE9}"
EndProject
Global
	GlobalSection(SolutionConfigurationPlatforms) = preSolution
		Debug|Any CPU = Debug|Any CPU
		Release|Any CPU = Release|Any CPU
	EndGlobalSection
	GlobalSection(ProjectConfigurationPlatforms) = postSolution
		{28E13C58-EAD7-47E0-A76A-DB3DFC0B3DE9}.Debug|Any CPU.ActiveCfg = Debug|Any CPU
		{28E13C58-EAD7-47E0-A76A-DB3DFC0B3DE9}.Debug|Any CPU.Build.0 = Debug|Any CPU
		{28E13C58-EAD7-47E0-A76A-DB3DFC0B3DE9}.Release|Any CPU.ActiveCfg = Release|Any CPU
		{28E13C58-EAD7-47E0-A76A-DB3DFC0B3DE9}.Release|Any CPU.Build.0 = Release|Any CPU
	EndGlobalSection
	GlobalSection(SolutionProperties) = preSolution
		HideSolutionNode = FALSE
	EndGlobalSection
	GlobalSection(ExtensibilityGlobals) = postSolution
		SolutionGuid = {B8C70C75-BEE9-45B2-883D-B903A31A1A24}
	EndGlobalSection
EndGlobal
