
Microsoft Visual Studio Solution File, Format Version 12.00
# Visual Studio Version 17
VisualStudioVersion = 17.7.34009.444
MinimumVisualStudioVersion = 10.0.40219.1
Project("{9A19103F-16F7-4668-BE54-9A1E7A4F7556}") = "Cosmos_Patterns_Preallocation", "Cosmos_Patterns_Preallocation.csproj", "{131A20F2-19E9-4667-8E48-1167E8581D34}"
EndProject
Global
	GlobalSection(SolutionConfigurationPlatforms) = preSolution
		Debug|Any CPU = Debug|Any CPU
		Release|Any CPU = Release|Any CPU
	EndGlobalSection
	GlobalSection(ProjectConfigurationPlatforms) = postSolution
		{131A20F2-19E9-4667-8E48-1167E8581D34}.Debug|Any CPU.ActiveCfg = Debug|Any CPU
		{131A20F2-19E9-4667-8E48-1167E8581D34}.Debug|Any CPU.Build.0 = Debug|Any CPU
		{131A20F2-19E9-4667-8E48-1167E8581D34}.Release|Any CPU.ActiveCfg = Release|Any CPU
		{131A20F2-19E9-4667-8E48-1167E8581D34}.Release|Any CPU.Build.0 = Release|Any CPU
	EndGlobalSection
	GlobalSection(SolutionProperties) = preSolution
		HideSolutionNode = FALSE
	EndGlobalSection
	GlobalSection(ExtensibilityGlobals) = postSolution
		SolutionGuid = {F2399B59-EBC4-4228-9FAB-36DFABF098BF}
	EndGlobalSection
EndGlobal
